{
  "requires": true,
  "lockfileVersion": 1,
  "dependencies": {
    "@angular/router": {
      "version": "13.2.1",
      "resolved": "https://registry.npmjs.org/@angular/router/-/router-13.2.1.tgz",
      "integrity": "sha512-+UkzW1ODV8GgL2ft6eMmJKYl4rqw6iwh3y5IEenF52X8zmnjjR0/ts/86FmaCfnpaE5S6hwnsopin9LBYVbVTQ==",
      "requires": {
        "tslib": "^2.3.0"
      }
    },
    "tslib": {
      "version": "2.3.1",
      "resolved": "https://registry.npmjs.org/tslib/-/tslib-2.3.1.tgz",
      "integrity": "sha512-77EbyPPpMz+FRFRuAFlWMtmgUWGe9UOG2Z25NqCwiIjRhOf5iKGuzSe5P2w1laq+FkRy4p+PCuVkJSGkzTEKVw=="
    }
  }
}
